Microsoft Visual Studio Solution File, Format Version 11.00
# Visual Studio 2010
Project("{2150E333-8FDC-42A3-9474-1A3956D46DE8}") = "Solution Items", "Solution Items", "{951B22A5-51DF-4BB3-9139-52EB7464D830}"
	ProjectSection(SolutionItems) = preProject
		CloudyBank.vsmdi = CloudyBank.vsmdi
		Local.testsettings = Local.testsettings
		pom.xml = pom.xml
		TraceAndTestImpact.testsettings = TraceAndTestImpact.testsettings
	EndProjectSection
EndProject
Project("{2150E333-8FDC-42A3-9474-1A3956D46DE8}") = "Tests", "Tests", "{817547D0-2B58-4997-B21E-38E46A1DFB9B}"
EndProject
Project("{2150E333-8FDC-42A3-9474-1A3956D46DE8}") = "BackEnd", "BackEnd", "{9C13D599-E49C-4E27-9C5A-B8CD469A0D6E}"
EndProject
Project("{2150E333-8FDC-42A3-9474-1A3956D46DE8}") = "Web", "Web", "{8A61888C-EF97-4D8F-BE3F-7B591DE83E9B}"
EndProject
Project("{FAE04EC0-301F-11D3-BF4B-00C04F79EFBC}") = "CloudyBank.Core", "CloudyBank.Core\CloudyBank.Core.csproj", "{BC3D3C08-07E2-44A1-8C13-FF10739B547F}"
EndProject
Project("{FAE04EC0-301F-11D3-BF4B-00C04F79EFBC}") = "CloudyBank.CoreDomain", "CloudyBank.CoreDomain\CloudyBank.CoreDomain.csproj", "{E3C03587-B18B-40C0-B9E4-DD01ED0AC6BE}"
EndProject
Project("{FAE04EC0-301F-11D3-BF4B-00C04F79EFBC}") = "CloudyBank.Dto", "CloudyBank.Dto\CloudyBank.Dto.csproj", "{46A228A0-7F88-4C1A-BFE6-324EDE6E02EE}"
EndProject
Project("{FAE04EC0-301F-11D3-BF4B-00C04F79EFBC}") = "CloudyBank.DataAccess", "CloudyBank.DataAccess\CloudyBank.DataAccess.csproj", "{F7C352DE-00C3-4A20-A4AD-91738328974E}"
EndProject
Project("{FAE04EC0-301F-11D3-BF4B-00C04F79EFBC}") = "CloudyBank.Services", "CloudyBank.Services\CloudyBank.Services.csproj", "{4862896A-0C44-4DA5-9775-70AEC0328F22}"
EndProject
Project("{FAE04EC0-301F-11D3-BF4B-00C04F79EFBC}") = "CloudyBank.DbTool", "CloudyBank.DbTool\CloudyBank.DbTool.csproj", "{1D03C92E-E48A-46E7-B5A9-14CBDEDF66E1}"
EndProject
Project("{FAE04EC0-301F-11D3-BF4B-00C04F79EFBC}") = "CloudyBank.Web", "CloudyBank.Web\CloudyBank.Web.csproj", "{B3C40815-D17F-403A-95BD-51F2B8C1D7DF}"
EndProject
Project("{FAE04EC0-301F-11D3-BF4B-00C04F79EFBC}") = "CloudyBank.Web.Ria", "CloudyBank.Web.Ria\CloudyBank.Web.Ria.csproj", "{6CCBA0B1-1C62-4D67-AB22-6D136938C5F4}"
	ProjectSection(ProjectDependencies) = postProject
		{B3C40815-D17F-403A-95BD-51F2B8C1D7DF} = {B3C40815-D17F-403A-95BD-51F2B8C1D7DF}
	EndProjectSection
EndProject
Project("{FAE04EC0-301F-11D3-BF4B-00C04F79EFBC}") = "CloudyBank.Web.Ria.Components", "CloudyBank.Web.Ria.Components\CloudyBank.Web.Ria.Components.csproj", "{CEB48563-CDEC-4658-A04A-5D1F1D96A819}"
EndProject
Project("{FAE04EC0-301F-11D3-BF4B-00C04F79EFBC}") = "CloudyBank.MVVM", "CloudyBank.MVVM\CloudyBank.MVVM.csproj", "{6D83664D-8DAB-4BB0-9954-60A836C5B2A6}"
EndProject
Project("{FAE04EC0-301F-11D3-BF4B-00C04F79EFBC}") = "CloudyBank.TestFixtures", "CloudyBank.TestFixtures\CloudyBank.TestFixtures.csproj", "{B3DB4A37-C083-4EB8-AB87-743FF0F94BB0}"
EndProject
Project("{FAE04EC0-301F-11D3-BF4B-00C04F79EFBC}") = "CloudyBank.Mobile.ViewModels", "CloudyBank.Mobile.ViewModels\CloudyBank.Mobile.ViewModels.csproj", "{A6B0C1E3-E487-4E91-934D-4ED3DE2AA965}"
	ProjectSection(ProjectDependencies) = postProject
		{B3C40815-D17F-403A-95BD-51F2B8C1D7DF} = {B3C40815-D17F-403A-95BD-51F2B8C1D7DF}
	EndProjectSection
EndProject
Project("{2150E333-8FDC-42A3-9474-1A3956D46DE8}") = "Mobile", "Mobile", "{3B27E7EF-F4A9-40B3-8E4D-3271DEB71A27}"
EndProject
Project("{FAE04EC0-301F-11D3-BF4B-00C04F79EFBC}") = "CloudyBank.Mobile.MVVM", "CloudyBank.Mobile.MVVM\CloudyBank.Mobile.MVVM.csproj", "{ECE025BF-B5AB-4BDC-837D-B76EBF648942}"
EndProject
Project("{FAE04EC0-301F-11D3-BF4B-00C04F79EFBC}") = "CloudyBank.Mobile", "CloudyBank.Mobile\CloudyBank.Mobile.csproj", "{49E75F1A-29E2-44F6-87A8-82582B8083AE}"
	ProjectSection(ProjectDependencies) = postProject
		{B3C40815-D17F-403A-95BD-51F2B8C1D7DF} = {B3C40815-D17F-403A-95BD-51F2B8C1D7DF}
	EndProjectSection
EndProject
Project("{FAE04EC0-301F-11D3-BF4B-00C04F79EFBC}") = "CloudyBank.PortableServices", "CloudyBank.PortableServices\CloudyBank.PortableServices.csproj", "{F26E222A-85F6-4DF6-A51A-40A772B270FD}"
	ProjectSection(ProjectDependencies) = postProject
		{B3C40815-D17F-403A-95BD-51F2B8C1D7DF} = {B3C40815-D17F-403A-95BD-51F2B8C1D7DF}
	EndProjectSection
EndProject
Project("{FAE04EC0-301F-11D3-BF4B-00C04F79EFBC}") = "External.ConsumerApp", "External.ConsumerApp\External.ConsumerApp.csproj", "{25F1F8F4-8691-41F3-BEA5-739B8D5B1CCD}"
EndProject
Project("{CC5FD16D-436D-48AD-A40C-5A424C6E3E79}") = "CloudyBank.CloudService", "CloudyBank.CloudService\CloudyBank.CloudService.ccproj", "{1BDDFE7D-00FC-4ED9-8E43-4DC073D62479}"
EndProject
Project("{2150E333-8FDC-42A3-9474-1A3956D46DE8}") = "External", "External", "{2CDF0AB4-ACD5-4485-A833-3165AB558F63}"
EndProject
Project("{FAE04EC0-301F-11D3-BF4B-00C04F79EFBC}") = "ml", "External.ML\ml.csproj", "{499D29DA-D70B-4E9F-A8DF-7100C8CD70C8}"
EndProject
Project("{FAE04EC0-301F-11D3-BF4B-00C04F79EFBC}") = "CloudyBank.Web.Ria.UnitTests", "CloudyBank.Web.Ria.UnitTests\CloudyBank.Web.Ria.UnitTests.csproj", "{78F7F066-BBDB-450E-B668-E02185A8CA95}"
EndProject
Project("{FAE04EC0-301F-11D3-BF4B-00C04F79EFBC}") = "CloudyBank.Tests", "CloudyBank.Tests\CloudyBank.Tests.csproj", "{0E7251DA-ED0E-4BE8-8BA4-04F1B0FAB793}"
EndProject
Project("{FAE04EC0-301F-11D3-BF4B-00C04F79EFBC}") = "ml.Tests", "ml.Tests\ml.Tests.csproj", "{0784F872-96AF-4E6E-AB03-6513831D6218}"
EndProject
Project("{FAE04EC0-301F-11D3-BF4B-00C04F79EFBC}") = "CloudyBank.ParametrizedTests", "CloudyBank.ParametrizedTests\CloudyBank.ParametrizedTests.csproj", "{FFE9909A-B8F2-4642-BD57-97BABC117D0F}"
EndProject
Project("{F088123C-0E9E-452A-89E6-6BA2F21D5CAC}") = "CloudyBank.Models", "CloudyBank.Models\CloudyBank.Models.modelproj", "{0ADFA1DA-4F30-4384-BB5D-5E96BE0C3643}"
EndProject
Project("{2150E333-8FDC-42A3-9474-1A3956D46DE8}") = ".nuget", ".nuget", "{41B52377-D70F-4838-AB53-89DFFC960323}"
	ProjectSection(SolutionItems) = preProject
		.nuget\NuGet.Config = .nuget\NuGet.Config
		.nuget\NuGet.exe = .nuget\NuGet.exe
		.nuget\NuGet.targets = .nuget\NuGet.targets
	EndProjectSection
EndProject
Global
	GlobalSection(TeamFoundationVersionControl) = preSolution
		SccNumberOfProjects = 13
		SccEnterpriseProvider = {4CA58AB2-18FA-4F8D-95D4-32DDF27D184C}
		SccTeamFoundationServer = http://10.1.1.65/tfs/capitalisation
		SccLocalPath0 = .
		SccProjectUniqueName1 = CloudyBank.Core\\CloudyBank.Core.csproj
		SccProjectTopLevelParentUniqueName1 = CloudyBank.sln
		SccProjectName1 = CloudyBank.Core
		SccLocalPath1 = CloudyBank.Core
		SccProjectUniqueName2 = CloudyBank.Services\\CloudyBank.Services.csproj
		SccProjectTopLevelParentUniqueName2 = CloudyBank.sln
		SccProjectName2 = CloudyBank.Services
		SccLocalPath2 = CloudyBank.Services
		SccProjectUniqueName3 = CloudyBank.CoreDomain\\CloudyBank.CoreDomain.csproj
		SccProjectTopLevelParentUniqueName3 = CloudyBank.sln
		SccProjectName3 = CloudyBank.CoreDomain
		SccLocalPath3 = CloudyBank.CoreDomain
		SccProjectUniqueName4 = CloudyBank.Dto\\CloudyBank.Dto.csproj
		SccProjectTopLevelParentUniqueName4 = CloudyBank.sln
		SccProjectName4 = CloudyBank.Dto
		SccLocalPath4 = CloudyBank.Dto
		SccProjectUniqueName5 = CloudyBank.DataAccess\\CloudyBank.DataAccess.csproj
		SccProjectTopLevelParentUniqueName5 = CloudyBank.sln
		SccProjectName5 = CloudyBank.DataAccess
		SccLocalPath5 = CloudyBank.DataAccess
		SccProjectUniqueName6 = CloudyBank.UnitTests\\CloudyBank.UnitTests.csproj
		SccProjectTopLevelParentUniqueName6 = CloudyBank.sln
		SccProjectName6 = CloudyBank.UnitTests
		SccLocalPath6 = CloudyBank.UnitTests
		SccProjectUniqueName7 = CloudyBank.DbTool\\CloudyBank.DbTool.csproj
		SccProjectTopLevelParentUniqueName7 = CloudyBank.sln
		SccProjectName7 = CloudyBank.DbTool
		SccLocalPath7 = CloudyBank.DbTool
		SccProjectUniqueName8 = CloudyBank.Web.Ria\\CloudyBank.Web.Ria.csproj
		SccProjectTopLevelParentUniqueName8 = CloudyBank.sln
		SccProjectName8 = CloudyBank.Web.Ria
		SccLocalPath8 = CloudyBank.Web.Ria
		SccProjectUniqueName9 = CloudyBank.Web\\CloudyBank.Web.csproj
		SccProjectTopLevelParentUniqueName9 = CloudyBank.sln
		SccProjectName9 = CloudyBank.Web
		SccLocalPath9 = CloudyBank.Web
		SccProjectUniqueName10 = CloudyBank.Web.Ria.UnitTests\\CloudyBank.Web.Ria.UnitTests.csproj
		SccProjectTopLevelParentUniqueName10 = CloudyBank.sln
		SccProjectName10 = CloudyBank.Web.Ria.UnitTests
		SccLocalPath10 = CloudyBank.Web.Ria.UnitTests
		SccProjectUniqueName11 = EventCalendarLibrary\\CloudyBank.Web.Ria.Components.csproj
		SccProjectTopLevelParentUniqueName11 = CloudyBank.sln
		SccProjectName11 = EventCalendarLibrary
		SccLocalPath11 = EventCalendarLibrary
		SccProjectUniqueName12 = CloudyBank.CloudService\\CloudyBank.CloudService.ccproj
		SccProjectName12 = CloudyBank.CloudService
		SccLocalPath12 = CloudyBank.CloudService
	EndGlobalSection
	GlobalSection(TestCaseManagementSettings) = postSolution
		CategoryFile = CloudyBank.vsmdi
	EndGlobalSection
	GlobalSection(SolutionConfigurationPlatforms) = preSolution
		Debug|Any CPU = Debug|Any CPU
		Debug|Mixed Platforms = Debug|Mixed Platforms
		Debug|x64 = Debug|x64
		Debug|x86 = Debug|x86
		Release|Any CPU = Release|Any CPU
		Release|Mixed Platforms = Release|Mixed Platforms
		Release|x64 = Release|x64
		Release|x86 = Release|x86
	EndGlobalSection
	GlobalSection(ProjectConfigurationPlatforms) = postSolution
		{BC3D3C08-07E2-44A1-8C13-FF10739B547F}.Debug|Any CPU.ActiveCfg = Debug|Any CPU
		{BC3D3C08-07E2-44A1-8C13-FF10739B547F}.Debug|Any CPU.Build.0 = Debug|Any CPU
		{BC3D3C08-07E2-44A1-8C13-FF10739B547F}.Debug|Mixed Platforms.ActiveCfg = Debug|Any CPU
		{BC3D3C08-07E2-44A1-8C13-FF10739B547F}.Debug|Mixed Platforms.Build.0 = Debug|Any CPU
		{BC3D3C08-07E2-44A1-8C13-FF10739B547F}.Debug|x64.ActiveCfg = Debug|x64
		{BC3D3C08-07E2-44A1-8C13-FF10739B547F}.Debug|x64.Build.0 = Debug|x64
		{BC3D3C08-07E2-44A1-8C13-FF10739B547F}.Debug|x86.ActiveCfg = Debug|Any CPU
		{BC3D3C08-07E2-44A1-8C13-FF10739B547F}.Release|Any CPU.ActiveCfg = Release|Any CPU
		{BC3D3C08-07E2-44A1-8C13-FF10739B547F}.Release|Any CPU.Build.0 = Release|Any CPU
		{BC3D3C08-07E2-44A1-8C13-FF10739B547F}.Release|Mixed Platforms.ActiveCfg = Release|Any CPU
		{BC3D3C08-07E2-44A1-8C13-FF10739B547F}.Release|Mixed Platforms.Build.0 = Release|Any CPU
		{BC3D3C08-07E2-44A1-8C13-FF10739B547F}.Release|x64.ActiveCfg = Release|x64
		{BC3D3C08-07E2-44A1-8C13-FF10739B547F}.Release|x64.Build.0 = Release|x64
		{BC3D3C08-07E2-44A1-8C13-FF10739B547F}.Release|x86.ActiveCfg = Release|Any CPU
		{E3C03587-B18B-40C0-B9E4-DD01ED0AC6BE}.Debug|Any CPU.ActiveCfg = Debug|Any CPU
		{E3C03587-B18B-40C0-B9E4-DD01ED0AC6BE}.Debug|Any CPU.Build.0 = Debug|Any CPU
		{E3C03587-B18B-40C0-B9E4-DD01ED0AC6BE}.Debug|Mixed Platforms.ActiveCfg = Debug|Any CPU
		{E3C03587-B18B-40C0-B9E4-DD01ED0AC6BE}.Debug|Mixed Platforms.Build.0 = Debug|Any CPU
		{E3C03587-B18B-40C0-B9E4-DD01ED0AC6BE}.Debug|x64.ActiveCfg = Debug|x64
		{E3C03587-B18B-40C0-B9E4-DD01ED0AC6BE}.Debug|x64.Build.0 = Debug|x64
		{E3C03587-B18B-40C0-B9E4-DD01ED0AC6BE}.Debug|x86.ActiveCfg = Debug|Any CPU
		{E3C03587-B18B-40C0-B9E4-DD01ED0AC6BE}.Release|Any CPU.ActiveCfg = Release|Any CPU
		{E3C03587-B18B-40C0-B9E4-DD01ED0AC6BE}.Release|Any CPU.Build.0 = Release|Any CPU
		{E3C03587-B18B-40C0-B9E4-DD01ED0AC6BE}.Release|Mixed Platforms.ActiveCfg = Release|Any CPU
		{E3C03587-B18B-40C0-B9E4-DD01ED0AC6BE}.Release|Mixed Platforms.Build.0 = Release|Any CPU
		{E3C03587-B18B-40C0-B9E4-DD01ED0AC6BE}.Release|x64.ActiveCfg = Release|x64
		{E3C03587-B18B-40C0-B9E4-DD01ED0AC6BE}.Release|x64.Build.0 = Release|x64
		{E3C03587-B18B-40C0-B9E4-DD01ED0AC6BE}.Release|x86.ActiveCfg = Release|Any CPU
		{46A228A0-7F88-4C1A-BFE6-324EDE6E02EE}.Debug|Any CPU.ActiveCfg = Debug|Any CPU
		{46A228A0-7F88-4C1A-BFE6-324EDE6E02EE}.Debug|Any CPU.Build.0 = Debug|Any CPU
		{46A228A0-7F88-4C1A-BFE6-324EDE6E02EE}.Debug|Mixed Platforms.ActiveCfg = Debug|Any CPU
		{46A228A0-7F88-4C1A-BFE6-324EDE6E02EE}.Debug|Mixed Platforms.Build.0 = Debug|Any CPU
		{46A228A0-7F88-4C1A-BFE6-324EDE6E02EE}.Debug|x64.ActiveCfg = Debug|x64
		{46A228A0-7F88-4C1A-BFE6-324EDE6E02EE}.Debug|x64.Build.0 = Debug|x64
		{46A228A0-7F88-4C1A-BFE6-324EDE6E02EE}.Debug|x86.ActiveCfg = Debug|Any CPU
		{46A228A0-7F88-4C1A-BFE6-324EDE6E02EE}.Release|Any CPU.ActiveCfg = Release|Any CPU
		{46A228A0-7F88-4C1A-BFE6-324EDE6E02EE}.Release|Any CPU.Build.0 = Release|Any CPU
		{46A228A0-7F88-4C1A-BFE6-324EDE6E02EE}.Release|Mixed Platforms.ActiveCfg = Release|Any CPU
		{46A228A0-7F88-4C1A-BFE6-324EDE6E02EE}.Release|Mixed Platforms.Build.0 = Release|Any CPU
		{46A228A0-7F88-4C1A-BFE6-324EDE6E02EE}.Release|x64.ActiveCfg = Release|x64
		{46A228A0-7F88-4C1A-BFE6-324EDE6E02EE}.Release|x64.Build.0 = Release|x64
		{46A228A0-7F88-4C1A-BFE6-324EDE6E02EE}.Release|x86.ActiveCfg = Release|Any CPU
		{F7C352DE-00C3-4A20-A4AD-91738328974E}.Debug|Any CPU.ActiveCfg = Debug|Any CPU
		{F7C352DE-00C3-4A20-A4AD-91738328974E}.Debug|Any CPU.Build.0 = Debug|Any CPU
		{F7C352DE-00C3-4A20-A4AD-91738328974E}.Debug|Mixed Platforms.ActiveCfg = Debug|Any CPU
		{F7C352DE-00C3-4A20-A4AD-91738328974E}.Debug|Mixed Platforms.Build.0 = Debug|Any CPU
		{F7C352DE-00C3-4A20-A4AD-91738328974E}.Debug|x64.ActiveCfg = Debug|x64
		{F7C352DE-00C3-4A20-A4AD-91738328974E}.Debug|x64.Build.0 = Debug|x64
		{F7C352DE-00C3-4A20-A4AD-91738328974E}.Debug|x86.ActiveCfg = Debug|Any CPU
		{F7C352DE-00C3-4A20-A4AD-91738328974E}.Release|Any CPU.ActiveCfg = Release|Any CPU
		{F7C352DE-00C3-4A20-A4AD-91738328974E}.Release|Any CPU.Build.0 = Release|Any CPU
		{F7C352DE-00C3-4A20-A4AD-91738328974E}.Release|Mixed Platforms.ActiveCfg = Release|Any CPU
		{F7C352DE-00C3-4A20-A4AD-91738328974E}.Release|Mixed Platforms.Build.0 = Release|Any CPU
		{F7C352DE-00C3-4A20-A4AD-91738328974E}.Release|x64.ActiveCfg = Release|x64
		{F7C352DE-00C3-4A20-A4AD-91738328974E}.Release|x64.Build.0 = Release|x64
		{F7C352DE-00C3-4A20-A4AD-91738328974E}.Release|x86.ActiveCfg = Release|Any CPU
		{4862896A-0C44-4DA5-9775-70AEC0328F22}.Debug|Any CPU.ActiveCfg = Debug|Any CPU
		{4862896A-0C44-4DA5-9775-70AEC0328F22}.Debug|Any CPU.Build.0 = Debug|Any CPU
		{4862896A-0C44-4DA5-9775-70AEC0328F22}.Debug|Mixed Platforms.ActiveCfg = Debug|Any CPU
		{4862896A-0C44-4DA5-9775-70AEC0328F22}.Debug|Mixed Platforms.Build.0 = Debug|Any CPU
		{4862896A-0C44-4DA5-9775-70AEC0328F22}.Debug|x64.ActiveCfg = Debug|x64
		{4862896A-0C44-4DA5-9775-70AEC0328F22}.Debug|x64.Build.0 = Debug|x64
		{4862896A-0C44-4DA5-9775-70AEC0328F22}.Debug|x86.ActiveCfg = Debug|Any CPU
		{4862896A-0C44-4DA5-9775-70AEC0328F22}.Release|Any CPU.ActiveCfg = Release|Any CPU
		{4862896A-0C44-4DA5-9775-70AEC0328F22}.Release|Any CPU.Build.0 = Release|Any CPU
		{4862896A-0C44-4DA5-9775-70AEC0328F22}.Release|Mixed Platforms.ActiveCfg = Release|Any CPU
		{4862896A-0C44-4DA5-9775-70AEC0328F22}.Release|Mixed Platforms.Build.0 = Release|Any CPU
		{4862896A-0C44-4DA5-9775-70AEC0328F22}.Release|x64.ActiveCfg = Release|x64
		{4862896A-0C44-4DA5-9775-70AEC0328F22}.Release|x64.Build.0 = Release|x64
		{4862896A-0C44-4DA5-9775-70AEC0328F22}.Release|x86.ActiveCfg = Release|Any CPU
		{1D03C92E-E48A-46E7-B5A9-14CBDEDF66E1}.Debug|Any CPU.ActiveCfg = Debug|Any CPU
		{1D03C92E-E48A-46E7-B5A9-14CBDEDF66E1}.Debug|Any CPU.Build.0 = Debug|Any CPU
		{1D03C92E-E48A-46E7-B5A9-14CBDEDF66E1}.Debug|Mixed Platforms.ActiveCfg = Debug|x86
		{1D03C92E-E48A-46E7-B5A9-14CBDEDF66E1}.Debug|Mixed Platforms.Build.0 = Debug|x86
		{1D03C92E-E48A-46E7-B5A9-14CBDEDF66E1}.Debug|x64.ActiveCfg = Debug|x64
		{1D03C92E-E48A-46E7-B5A9-14CBDEDF66E1}.Debug|x64.Build.0 = Debug|x64
		{1D03C92E-E48A-46E7-B5A9-14CBDEDF66E1}.Debug|x86.ActiveCfg = Debug|x86
		{1D03C92E-E48A-46E7-B5A9-14CBDEDF66E1}.Debug|x86.Build.0 = Debug|x86
		{1D03C92E-E48A-46E7-B5A9-14CBDEDF66E1}.Release|Any CPU.ActiveCfg = Release|Any CPU
		{1D03C92E-E48A-46E7-B5A9-14CBDEDF66E1}.Release|Any CPU.Build.0 = Release|Any CPU
		{1D03C92E-E48A-46E7-B5A9-14CBDEDF66E1}.Release|Mixed Platforms.ActiveCfg = Release|x86
		{1D03C92E-E48A-46E7-B5A9-14CBDEDF66E1}.Release|Mixed Platforms.Build.0 = Release|x86
		{1D03C92E-E48A-46E7-B5A9-14CBDEDF66E1}.Release|x64.ActiveCfg = Release|x64
		{1D03C92E-E48A-46E7-B5A9-14CBDEDF66E1}.Release|x64.Build.0 = Release|x64
		{1D03C92E-E48A-46E7-B5A9-14CBDEDF66E1}.Release|x86.ActiveCfg = Release|x86
		{1D03C92E-E48A-46E7-B5A9-14CBDEDF66E1}.Release|x86.Build.0 = Release|x86
		{B3C40815-D17F-403A-95BD-51F2B8C1D7DF}.Debug|Any CPU.ActiveCfg = Debug|Any CPU
		{B3C40815-D17F-403A-95BD-51F2B8C1D7DF}.Debug|Any CPU.Build.0 = Debug|Any CPU
		{B3C40815-D17F-403A-95BD-51F2B8C1D7DF}.Debug|Mixed Platforms.ActiveCfg = Debug|Any CPU
		{B3C40815-D17F-403A-95BD-51F2B8C1D7DF}.Debug|Mixed Platforms.Build.0 = Debug|Any CPU
		{B3C40815-D17F-403A-95BD-51F2B8C1D7DF}.Debug|x64.ActiveCfg = Debug|x64
		{B3C40815-D17F-403A-95BD-51F2B8C1D7DF}.Debug|x64.Build.0 = Debug|x64
		{B3C40815-D17F-403A-95BD-51F2B8C1D7DF}.Debug|x86.ActiveCfg = Debug|Any CPU
		{B3C40815-D17F-403A-95BD-51F2B8C1D7DF}.Release|Any CPU.ActiveCfg = Release|Any CPU
		{B3C40815-D17F-403A-95BD-51F2B8C1D7DF}.Release|Any CPU.Build.0 = Release|Any CPU
		{B3C40815-D17F-403A-95BD-51F2B8C1D7DF}.Release|Mixed Platforms.ActiveCfg = Release|Any CPU
		{B3C40815-D17F-403A-95BD-51F2B8C1D7DF}.Release|Mixed Platforms.Build.0 = Release|Any CPU
		{B3C40815-D17F-403A-95BD-51F2B8C1D7DF}.Release|x64.ActiveCfg = Release|x64
		{B3C40815-D17F-403A-95BD-51F2B8C1D7DF}.Release|x64.Build.0 = Release|x64
		{B3C40815-D17F-403A-95BD-51F2B8C1D7DF}.Release|x86.ActiveCfg = Release|Any CPU
		{6CCBA0B1-1C62-4D67-AB22-6D136938C5F4}.Debug|Any CPU.ActiveCfg = Debug|Any CPU
		{6CCBA0B1-1C62-4D67-AB22-6D136938C5F4}.Debug|Any CPU.Build.0 = Debug|Any CPU
		{6CCBA0B1-1C62-4D67-AB22-6D136938C5F4}.Debug|Mixed Platforms.ActiveCfg = Debug|Any CPU
		{6CCBA0B1-1C62-4D67-AB22-6D136938C5F4}.Debug|Mixed Platforms.Build.0 = Debug|Any CPU
		{6CCBA0B1-1C62-4D67-AB22-6D136938C5F4}.Debug|x64.ActiveCfg = Debug|Any CPU
		{6CCBA0B1-1C62-4D67-AB22-6D136938C5F4}.Debug|x64.Build.0 = Debug|Any CPU
		{6CCBA0B1-1C62-4D67-AB22-6D136938C5F4}.Debug|x86.ActiveCfg = Debug|Any CPU
		{6CCBA0B1-1C62-4D67-AB22-6D136938C5F4}.Release|Any CPU.ActiveCfg = Release|Any CPU
		{6CCBA0B1-1C62-4D67-AB22-6D136938C5F4}.Release|Any CPU.Build.0 = Release|Any CPU
		{6CCBA0B1-1C62-4D67-AB22-6D136938C5F4}.Release|Mixed Platforms.ActiveCfg = Release|Any CPU
		{6CCBA0B1-1C62-4D67-AB22-6D136938C5F4}.Release|Mixed Platforms.Build.0 = Release|Any CPU
		{6CCBA0B1-1C62-4D67-AB22-6D136938C5F4}.Release|x64.ActiveCfg = Release|Any CPU
		{6CCBA0B1-1C62-4D67-AB22-6D136938C5F4}.Release|x64.Build.0 = Release|Any CPU
		{6CCBA0B1-1C62-4D67-AB22-6D136938C5F4}.Release|x86.ActiveCfg = Release|Any CPU
		{CEB48563-CDEC-4658-A04A-5D1F1D96A819}.Debug|Any CPU.ActiveCfg = Debug|Any CPU
		{CEB48563-CDEC-4658-A04A-5D1F1D96A819}.Debug|Any CPU.Build.0 = Debug|Any CPU
		{CEB48563-CDEC-4658-A04A-5D1F1D96A819}.Debug|Mixed Platforms.ActiveCfg = Debug|Any CPU
		{CEB48563-CDEC-4658-A04A-5D1F1D96A819}.Debug|Mixed Platforms.Build.0 = Debug|Any CPU
		{CEB48563-CDEC-4658-A04A-5D1F1D96A819}.Debug|x64.ActiveCfg = Debug|Any CPU
		{CEB48563-CDEC-4658-A04A-5D1F1D96A819}.Debug|x64.Build.0 = Debug|Any CPU
		{CEB48563-CDEC-4658-A04A-5D1F1D96A819}.Debug|x86.ActiveCfg = Debug|Any CPU
		{CEB48563-CDEC-4658-A04A-5D1F1D96A819}.Release|Any CPU.ActiveCfg = Release|Any CPU
		{CEB48563-CDEC-4658-A04A-5D1F1D96A819}.Release|Any CPU.Build.0 = Release|Any CPU
		{CEB48563-CDEC-4658-A04A-5D1F1D96A819}.Release|Mixed Platforms.ActiveCfg = Release|Any CPU
		{CEB48563-CDEC-4658-A04A-5D1F1D96A819}.Release|Mixed Platforms.Build.0 = Release|Any CPU
		{CEB48563-CDEC-4658-A04A-5D1F1D96A819}.Release|x64.ActiveCfg = Release|Any CPU
		{CEB48563-CDEC-4658-A04A-5D1F1D96A819}.Release|x64.Build.0 = Release|Any CPU
		{CEB48563-CDEC-4658-A04A-5D1F1D96A819}.Release|x86.ActiveCfg = Release|Any CPU
		{6D83664D-8DAB-4BB0-9954-60A836C5B2A6}.Debug|Any CPU.ActiveCfg = Debug|Any CPU
		{6D83664D-8DAB-4BB0-9954-60A836C5B2A6}.Debug|Any CPU.Build.0 = Debug|Any CPU
		{6D83664D-8DAB-4BB0-9954-60A836C5B2A6}.Debug|Mixed Platforms.ActiveCfg = Debug|Any CPU
		{6D83664D-8DAB-4BB0-9954-60A836C5B2A6}.Debug|Mixed Platforms.Build.0 = Debug|Any CPU
		{6D83664D-8DAB-4BB0-9954-60A836C5B2A6}.Debug|x64.ActiveCfg = Debug|Any CPU
		{6D83664D-8DAB-4BB0-9954-60A836C5B2A6}.Debug|x64.Build.0 = Debug|Any CPU
		{6D83664D-8DAB-4BB0-9954-60A836C5B2A6}.Debug|x86.ActiveCfg = Debug|Any CPU
		{6D83664D-8DAB-4BB0-9954-60A836C5B2A6}.Release|Any CPU.ActiveCfg = Release|Any CPU
		{6D83664D-8DAB-4BB0-9954-60A836C5B2A6}.Release|Any CPU.Build.0 = Release|Any CPU
		{6D83664D-8DAB-4BB0-9954-60A836C5B2A6}.Release|Mixed Platforms.ActiveCfg = Release|Any CPU
		{6D83664D-8DAB-4BB0-9954-60A836C5B2A6}.Release|Mixed Platforms.Build.0 = Release|Any CPU
		{6D83664D-8DAB-4BB0-9954-60A836C5B2A6}.Release|x64.ActiveCfg = Release|Any CPU
		{6D83664D-8DAB-4BB0-9954-60A836C5B2A6}.Release|x64.Build.0 = Release|Any CPU
		{6D83664D-8DAB-4BB0-9954-60A836C5B2A6}.Release|x86.ActiveCfg = Release|Any CPU
		{B3DB4A37-C083-4EB8-AB87-743FF0F94BB0}.Debug|Any CPU.ActiveCfg = Debug|Any CPU
		{B3DB4A37-C083-4EB8-AB87-743FF0F94BB0}.Debug|Any CPU.Build.0 = Debug|Any CPU
		{B3DB4A37-C083-4EB8-AB87-743FF0F94BB0}.Debug|Mixed Platforms.ActiveCfg = Debug|Any CPU
		{B3DB4A37-C083-4EB8-AB87-743FF0F94BB0}.Debug|Mixed Platforms.Build.0 = Debug|Any CPU
		{B3DB4A37-C083-4EB8-AB87-743FF0F94BB0}.Debug|x64.ActiveCfg = Debug|Any CPU
		{B3DB4A37-C083-4EB8-AB87-743FF0F94BB0}.Debug|x64.Build.0 = Debug|Any CPU
		{B3DB4A37-C083-4EB8-AB87-743FF0F94BB0}.Debug|x86.ActiveCfg = Debug|Any CPU
		{B3DB4A37-C083-4EB8-AB87-743FF0F94BB0}.Release|Any CPU.ActiveCfg = Release|Any CPU
		{B3DB4A37-C083-4EB8-AB87-743FF0F94BB0}.Release|Any CPU.Build.0 = Release|Any CPU
		{B3DB4A37-C083-4EB8-AB87-743FF0F94BB0}.Release|Mixed Platforms.ActiveCfg = Release|Any CPU
		{B3DB4A37-C083-4EB8-AB87-743FF0F94BB0}.Release|Mixed Platforms.Build.0 = Release|Any CPU
		{B3DB4A37-C083-4EB8-AB87-743FF0F94BB0}.Release|x64.ActiveCfg = Release|Any CPU
		{B3DB4A37-C083-4EB8-AB87-743FF0F94BB0}.Release|x64.Build.0 = Release|Any CPU
		{B3DB4A37-C083-4EB8-AB87-743FF0F94BB0}.Release|x86.ActiveCfg = Release|Any CPU
		{A6B0C1E3-E487-4E91-934D-4ED3DE2AA965}.Debug|Any CPU.ActiveCfg = Debug|Any CPU
		{A6B0C1E3-E487-4E91-934D-4ED3DE2AA965}.Debug|Any CPU.Build.0 = Debug|Any CPU
		{A6B0C1E3-E487-4E91-934D-4ED3DE2AA965}.Debug|Mixed Platforms.ActiveCfg = Debug|Any CPU
		{A6B0C1E3-E487-4E91-934D-4ED3DE2AA965}.Debug|Mixed Platforms.Build.0 = Debug|Any CPU
		{A6B0C1E3-E487-4E91-934D-4ED3DE2AA965}.Debug|x64.ActiveCfg = Debug|Any CPU
		{A6B0C1E3-E487-4E91-934D-4ED3DE2AA965}.Debug|x64.Build.0 = Debug|Any CPU
		{A6B0C1E3-E487-4E91-934D-4ED3DE2AA965}.Debug|x86.ActiveCfg = Debug|Any CPU
		{A6B0C1E3-E487-4E91-934D-4ED3DE2AA965}.Release|Any CPU.ActiveCfg = Release|Any CPU
		{A6B0C1E3-E487-4E91-934D-4ED3DE2AA965}.Release|Any CPU.Build.0 = Release|Any CPU
		{A6B0C1E3-E487-4E91-934D-4ED3DE2AA965}.Release|Mixed Platforms.ActiveCfg = Release|Any CPU
		{A6B0C1E3-E487-4E91-934D-4ED3DE2AA965}.Release|Mixed Platforms.Build.0 = Release|Any CPU
		{A6B0C1E3-E487-4E91-934D-4ED3DE2AA965}.Release|x64.ActiveCfg = Release|Any CPU
		{A6B0C1E3-E487-4E91-934D-4ED3DE2AA965}.Release|x64.Build.0 = Release|Any CPU
		{A6B0C1E3-E487-4E91-934D-4ED3DE2AA965}.Release|x86.ActiveCfg = Release|Any CPU
		{ECE025BF-B5AB-4BDC-837D-B76EBF648942}.Debug|Any CPU.ActiveCfg = Debug|Any CPU
		{ECE025BF-B5AB-4BDC-837D-B76EBF648942}.Debug|Any CPU.Build.0 = Debug|Any CPU
		{ECE025BF-B5AB-4BDC-837D-B76EBF648942}.Debug|Mixed Platforms.ActiveCfg = Debug|Any CPU
		{ECE025BF-B5AB-4BDC-837D-B76EBF648942}.Debug|Mixed Platforms.Build.0 = Debug|Any CPU
		{ECE025BF-B5AB-4BDC-837D-B76EBF648942}.Debug|x64.ActiveCfg = Debug|Any CPU
		{ECE025BF-B5AB-4BDC-837D-B76EBF648942}.Debug|x64.Build.0 = Debug|Any CPU
		{ECE025BF-B5AB-4BDC-837D-B76EBF648942}.Debug|x86.ActiveCfg = Debug|Any CPU
		{ECE025BF-B5AB-4BDC-837D-B76EBF648942}.Release|Any CPU.ActiveCfg = Release|Any CPU
		{ECE025BF-B5AB-4BDC-837D-B76EBF648942}.Release|Any CPU.Build.0 = Release|Any CPU
		{ECE025BF-B5AB-4BDC-837D-B76EBF648942}.Release|Mixed Platforms.ActiveCfg = Release|Any CPU
		{ECE025BF-B5AB-4BDC-837D-B76EBF648942}.Release|Mixed Platforms.Build.0 = Release|Any CPU
		{ECE025BF-B5AB-4BDC-837D-B76EBF648942}.Release|x64.ActiveCfg = Release|Any CPU
		{ECE025BF-B5AB-4BDC-837D-B76EBF648942}.Release|x64.Build.0 = Release|Any CPU
		{ECE025BF-B5AB-4BDC-837D-B76EBF648942}.Release|x86.ActiveCfg = Release|Any CPU
		{49E75F1A-29E2-44F6-87A8-82582B8083AE}.Debug|Any CPU.ActiveCfg = Debug|Any CPU
		{49E75F1A-29E2-44F6-87A8-82582B8083AE}.Debug|Any CPU.Build.0 = Debug|Any CPU
		{49E75F1A-29E2-44F6-87A8-82582B8083AE}.Debug|Any CPU.Deploy.0 = Debug|Any CPU
		{49E75F1A-29E2-44F6-87A8-82582B8083AE}.Debug|Mixed Platforms.ActiveCfg = Debug|Any CPU
		{49E75F1A-29E2-44F6-87A8-82582B8083AE}.Debug|Mixed Platforms.Build.0 = Debug|Any CPU
		{49E75F1A-29E2-44F6-87A8-82582B8083AE}.Debug|x64.ActiveCfg = Debug|Any CPU
		{49E75F1A-29E2-44F6-87A8-82582B8083AE}.Debug|x64.Build.0 = Debug|Any CPU
		{49E75F1A-29E2-44F6-87A8-82582B8083AE}.Debug|x64.Deploy.0 = Debug|Any CPU
		{49E75F1A-29E2-44F6-87A8-82582B8083AE}.Debug|x86.ActiveCfg = Debug|Any CPU
		{49E75F1A-29E2-44F6-87A8-82582B8083AE}.Release|Any CPU.ActiveCfg = Release|Any CPU
		{49E75F1A-29E2-44F6-87A8-82582B8083AE}.Release|Any CPU.Build.0 = Release|Any CPU
		{49E75F1A-29E2-44F6-87A8-82582B8083AE}.Release|Any CPU.Deploy.0 = Release|Any CPU
		{49E75F1A-29E2-44F6-87A8-82582B8083AE}.Release|Mixed Platforms.ActiveCfg = Release|Any CPU
		{49E75F1A-29E2-44F6-87A8-82582B8083AE}.Release|Mixed Platforms.Build.0 = Release|Any CPU
		{49E75F1A-29E2-44F6-87A8-82582B8083AE}.Release|x64.ActiveCfg = Release|Any CPU
		{49E75F1A-29E2-44F6-87A8-82582B8083AE}.Release|x64.Build.0 = Release|Any CPU
		{49E75F1A-29E2-44F6-87A8-82582B8083AE}.Release|x64.Deploy.0 = Release|Any CPU
		{49E75F1A-29E2-44F6-87A8-82582B8083AE}.Release|x86.ActiveCfg = Release|Any CPU
		{F26E222A-85F6-4DF6-A51A-40A772B270FD}.Debug|Any CPU.ActiveCfg = Debug|Any CPU
		{F26E222A-85F6-4DF6-A51A-40A772B270FD}.Debug|Any CPU.Build.0 = Debug|Any CPU
		{F26E222A-85F6-4DF6-A51A-40A772B270FD}.Debug|Mixed Platforms.ActiveCfg = Debug|Any CPU
		{F26E222A-85F6-4DF6-A51A-40A772B270FD}.Debug|Mixed Platforms.Build.0 = Debug|Any CPU
		{F26E222A-85F6-4DF6-A51A-40A772B270FD}.Debug|x64.ActiveCfg = Debug|Any CPU
		{F26E222A-85F6-4DF6-A51A-40A772B270FD}.Debug|x64.Build.0 = Debug|Any CPU
		{F26E222A-85F6-4DF6-A51A-40A772B270FD}.Debug|x86.ActiveCfg = Debug|Any CPU
		{F26E222A-85F6-4DF6-A51A-40A772B270FD}.Release|Any CPU.ActiveCfg = Release|Any CPU
		{F26E222A-85F6-4DF6-A51A-40A772B270FD}.Release|Any CPU.Build.0 = Release|Any CPU
		{F26E222A-85F6-4DF6-A51A-40A772B270FD}.Release|Mixed Platforms.ActiveCfg = Release|Any CPU
		{F26E222A-85F6-4DF6-A51A-40A772B270FD}.Release|Mixed Platforms.Build.0 = Release|Any CPU
		{F26E222A-85F6-4DF6-A51A-40A772B270FD}.Release|x64.ActiveCfg = Release|Any CPU
		{F26E222A-85F6-4DF6-A51A-40A772B270FD}.Release|x64.Build.0 = Release|Any CPU
		{F26E222A-85F6-4DF6-A51A-40A772B270FD}.Release|x86.ActiveCfg = Release|Any CPU
		{25F1F8F4-8691-41F3-BEA5-739B8D5B1CCD}.Debug|Any CPU.ActiveCfg = Debug|Any CPU
		{25F1F8F4-8691-41F3-BEA5-739B8D5B1CCD}.Debug|Any CPU.Build.0 = Debug|Any CPU
		{25F1F8F4-8691-41F3-BEA5-739B8D5B1CCD}.Debug|Mixed Platforms.ActiveCfg = Debug|Any CPU
		{25F1F8F4-8691-41F3-BEA5-739B8D5B1CCD}.Debug|Mixed Platforms.Build.0 = Debug|Any CPU
		{25F1F8F4-8691-41F3-BEA5-739B8D5B1CCD}.Debug|x64.ActiveCfg = Debug|x64
		{25F1F8F4-8691-41F3-BEA5-739B8D5B1CCD}.Debug|x64.Build.0 = Debug|x64
		{25F1F8F4-8691-41F3-BEA5-739B8D5B1CCD}.Debug|x86.ActiveCfg = Debug|Any CPU
		{25F1F8F4-8691-41F3-BEA5-739B8D5B1CCD}.Release|Any CPU.ActiveCfg = Release|Any CPU
		{25F1F8F4-8691-41F3-BEA5-739B8D5B1CCD}.Release|Any CPU.Build.0 = Release|Any CPU
		{25F1F8F4-8691-41F3-BEA5-739B8D5B1CCD}.Release|Mixed Platforms.ActiveCfg = Release|Any CPU
		{25F1F8F4-8691-41F3-BEA5-739B8D5B1CCD}.Release|Mixed Platforms.Build.0 = Release|Any CPU
		{25F1F8F4-8691-41F3-BEA5-739B8D5B1CCD}.Release|x64.ActiveCfg = Release|x64
		{25F1F8F4-8691-41F3-BEA5-739B8D5B1CCD}.Release|x64.Build.0 = Release|x64
		{25F1F8F4-8691-41F3-BEA5-739B8D5B1CCD}.Release|x86.ActiveCfg = Release|Any CPU
		{1BDDFE7D-00FC-4ED9-8E43-4DC073D62479}.Debug|Any CPU.ActiveCfg = Debug|Any CPU
		{1BDDFE7D-00FC-4ED9-8E43-4DC073D62479}.Debug|Any CPU.Build.0 = Debug|Any CPU
		{1BDDFE7D-00FC-4ED9-8E43-4DC073D62479}.Debug|Mixed Platforms.ActiveCfg = Debug|Any CPU
		{1BDDFE7D-00FC-4ED9-8E43-4DC073D62479}.Debug|Mixed Platforms.Build.0 = Debug|Any CPU
		{1BDDFE7D-00FC-4ED9-8E43-4DC073D62479}.Debug|x64.ActiveCfg = Debug|Any CPU
		{1BDDFE7D-00FC-4ED9-8E43-4DC073D62479}.Debug|x64.Build.0 = Debug|Any CPU
		{1BDDFE7D-00FC-4ED9-8E43-4DC073D62479}.Debug|x86.ActiveCfg = Debug|Any CPU
		{1BDDFE7D-00FC-4ED9-8E43-4DC073D62479}.Release|Any CPU.ActiveCfg = Release|Any CPU
		{1BDDFE7D-00FC-4ED9-8E43-4DC073D62479}.Release|Any CPU.Build.0 = Release|Any CPU
		{1BDDFE7D-00FC-4ED9-8E43-4DC073D62479}.Release|Mixed Platforms.ActiveCfg = Release|Any CPU
		{1BDDFE7D-00FC-4ED9-8E43-4DC073D62479}.Release|Mixed Platforms.Build.0 = Release|Any CPU
		{1BDDFE7D-00FC-4ED9-8E43-4DC073D62479}.Release|x64.ActiveCfg = Release|Any CPU
		{1BDDFE7D-00FC-4ED9-8E43-4DC073D62479}.Release|x64.Build.0 = Release|Any CPU
		{1BDDFE7D-00FC-4ED9-8E43-4DC073D62479}.Release|x86.ActiveCfg = Release|Any CPU
		{499D29DA-D70B-4E9F-A8DF-7100C8CD70C8}.Debug|Any CPU.ActiveCfg = Debug|Any CPU
		{499D29DA-D70B-4E9F-A8DF-7100C8CD70C8}.Debug|Any CPU.Build.0 = Debug|Any CPU
		{499D29DA-D70B-4E9F-A8DF-7100C8CD70C8}.Debug|Mixed Platforms.ActiveCfg = Debug|Any CPU
		{499D29DA-D70B-4E9F-A8DF-7100C8CD70C8}.Debug|Mixed Platforms.Build.0 = Debug|Any CPU
		{499D29DA-D70B-4E9F-A8DF-7100C8CD70C8}.Debug|x64.ActiveCfg = Debug|x64
		{499D29DA-D70B-4E9F-A8DF-7100C8CD70C8}.Debug|x64.Build.0 = Debug|x64
		{499D29DA-D70B-4E9F-A8DF-7100C8CD70C8}.Debug|x86.ActiveCfg = Debug|Any CPU
		{499D29DA-D70B-4E9F-A8DF-7100C8CD70C8}.Release|Any CPU.ActiveCfg = Release|Any CPU
		{499D29DA-D70B-4E9F-A8DF-7100C8CD70C8}.Release|Any CPU.Build.0 = Release|Any CPU
		{499D29DA-D70B-4E9F-A8DF-7100C8CD70C8}.Release|Mixed Platforms.ActiveCfg = Release|Any CPU
		{499D29DA-D70B-4E9F-A8DF-7100C8CD70C8}.Release|Mixed Platforms.Build.0 = Release|Any CPU
		{499D29DA-D70B-4E9F-A8DF-7100C8CD70C8}.Release|x64.ActiveCfg = Release|x64
		{499D29DA-D70B-4E9F-A8DF-7100C8CD70C8}.Release|x64.Build.0 = Release|x64
		{499D29DA-D70B-4E9F-A8DF-7100C8CD70C8}.Release|x86.ActiveCfg = Release|Any CPU
		{78F7F066-BBDB-450E-B668-E02185A8CA95}.Debug|Any CPU.ActiveCfg = Debug|Any CPU
		{78F7F066-BBDB-450E-B668-E02185A8CA95}.Debug|Any CPU.Build.0 = Debug|Any CPU
		{78F7F066-BBDB-450E-B668-E02185A8CA95}.Debug|Mixed Platforms.ActiveCfg = Debug|Any CPU
		{78F7F066-BBDB-450E-B668-E02185A8CA95}.Debug|Mixed Platforms.Build.0 = Debug|Any CPU
		{78F7F066-BBDB-450E-B668-E02185A8CA95}.Debug|x64.ActiveCfg = Debug|Any CPU
		{78F7F066-BBDB-450E-B668-E02185A8CA95}.Debug|x64.Build.0 = Debug|Any CPU
		{78F7F066-BBDB-450E-B668-E02185A8CA95}.Debug|x86.ActiveCfg = Debug|Any CPU
		{78F7F066-BBDB-450E-B668-E02185A8CA95}.Release|Any CPU.ActiveCfg = Release|Any CPU
		{78F7F066-BBDB-450E-B668-E02185A8CA95}.Release|Any CPU.Build.0 = Release|Any CPU
		{78F7F066-BBDB-450E-B668-E02185A8CA95}.Release|Mixed Platforms.ActiveCfg = Release|Any CPU
		{78F7F066-BBDB-450E-B668-E02185A8CA95}.Release|Mixed Platforms.Build.0 = Release|Any CPU
		{78F7F066-BBDB-450E-B668-E02185A8CA95}.Release|x64.ActiveCfg = Release|Any CPU
		{78F7F066-BBDB-450E-B668-E02185A8CA95}.Release|x64.Build.0 = Release|Any CPU
		{78F7F066-BBDB-450E-B668-E02185A8CA95}.Release|x86.ActiveCfg = Release|Any CPU
		{0E7251DA-ED0E-4BE8-8BA4-04F1B0FAB793}.Debug|Any CPU.ActiveCfg = Debug|Any CPU
		{0E7251DA-ED0E-4BE8-8BA4-04F1B0FAB793}.Debug|Any CPU.Build.0 = Debug|Any CPU
		{0E7251DA-ED0E-4BE8-8BA4-04F1B0FAB793}.Debug|Mixed Platforms.ActiveCfg = Debug|Any CPU
		{0E7251DA-ED0E-4BE8-8BA4-04F1B0FAB793}.Debug|Mixed Platforms.Build.0 = Debug|Any CPU
		{0E7251DA-ED0E-4BE8-8BA4-04F1B0FAB793}.Debug|x64.ActiveCfg = Debug|Any CPU
		{0E7251DA-ED0E-4BE8-8BA4-04F1B0FAB793}.Debug|x64.Build.0 = Debug|Any CPU
		{0E7251DA-ED0E-4BE8-8BA4-04F1B0FAB793}.Debug|x86.ActiveCfg = Debug|Any CPU
		{0E7251DA-ED0E-4BE8-8BA4-04F1B0FAB793}.Release|Any CPU.ActiveCfg = Release|Any CPU
		{0E7251DA-ED0E-4BE8-8BA4-04F1B0FAB793}.Release|Any CPU.Build.0 = Release|Any CPU
		{0E7251DA-ED0E-4BE8-8BA4-04F1B0FAB793}.Release|Mixed Platforms.ActiveCfg = Release|Any CPU
		{0E7251DA-ED0E-4BE8-8BA4-04F1B0FAB793}.Release|Mixed Platforms.Build.0 = Release|Any CPU
		{0E7251DA-ED0E-4BE8-8BA4-04F1B0FAB793}.Release|x64.ActiveCfg = Release|Any CPU
		{0E7251DA-ED0E-4BE8-8BA4-04F1B0FAB793}.Release|x64.Build.0 = Release|Any CPU
		{0E7251DA-ED0E-4BE8-8BA4-04F1B0FAB793}.Release|x86.ActiveCfg = Release|Any CPU
		{0784F872-96AF-4E6E-AB03-6513831D6218}.Debug|Any CPU.ActiveCfg = Debug|Any CPU
		{0784F872-96AF-4E6E-AB03-6513831D6218}.Debug|Any CPU.Build.0 = Debug|Any CPU
		{0784F872-96AF-4E6E-AB03-6513831D6218}.Debug|Mixed Platforms.ActiveCfg = Debug|Any CPU
		{0784F872-96AF-4E6E-AB03-6513831D6218}.Debug|Mixed Platforms.Build.0 = Debug|Any CPU
		{0784F872-96AF-4E6E-AB03-6513831D6218}.Debug|x64.ActiveCfg = Debug|Any CPU
		{0784F872-96AF-4E6E-AB03-6513831D6218}.Debug|x86.ActiveCfg = Debug|Any CPU
		{0784F872-96AF-4E6E-AB03-6513831D6218}.Release|Any CPU.ActiveCfg = Release|Any CPU
		{0784F872-96AF-4E6E-AB03-6513831D6218}.Release|Any CPU.Build.0 = Release|Any CPU
		{0784F872-96AF-4E6E-AB03-6513831D6218}.Release|Mixed Platforms.ActiveCfg = Release|Any CPU
		{0784F872-96AF-4E6E-AB03-6513831D6218}.Release|Mixed Platforms.Build.0 = Release|Any CPU
		{0784F872-96AF-4E6E-AB03-6513831D6218}.Release|x64.ActiveCfg = Release|Any CPU
		{0784F872-96AF-4E6E-AB03-6513831D6218}.Release|x86.ActiveCfg = Release|Any CPU
		{FFE9909A-B8F2-4642-BD57-97BABC117D0F}.Debug|Any CPU.ActiveCfg = Debug|Any CPU
		{FFE9909A-B8F2-4642-BD57-97BABC117D0F}.Debug|Any CPU.Build.0 = Debug|Any CPU
		{FFE9909A-B8F2-4642-BD57-97BABC117D0F}.Debug|Mixed Platforms.ActiveCfg = Debug|Any CPU
		{FFE9909A-B8F2-4642-BD57-97BABC117D0F}.Debug|Mixed Platforms.Build.0 = Debug|Any CPU
		{FFE9909A-B8F2-4642-BD57-97BABC117D0F}.Debug|x64.ActiveCfg = Debug|Any CPU
		{FFE9909A-B8F2-4642-BD57-97BABC117D0F}.Debug|x86.ActiveCfg = Debug|Any CPU
		{FFE9909A-B8F2-4642-BD57-97BABC117D0F}.Release|Any CPU.ActiveCfg = Release|Any CPU
		{FFE9909A-B8F2-4642-BD57-97BABC117D0F}.Release|Any CPU.Build.0 = Release|Any CPU
		{FFE9909A-B8F2-4642-BD57-97BABC117D0F}.Release|Mixed Platforms.ActiveCfg = Release|Any CPU
		{FFE9909A-B8F2-4642-BD57-97BABC117D0F}.Release|Mixed Platforms.Build.0 = Release|Any CPU
		{FFE9909A-B8F2-4642-BD57-97BABC117D0F}.Release|x64.ActiveCfg = Release|Any CPU
		{FFE9909A-B8F2-4642-BD57-97BABC117D0F}.Release|x86.ActiveCfg = Release|Any CPU
		{0ADFA1DA-4F30-4384-BB5D-5E96BE0C3643}.Debug|Any CPU.ActiveCfg = Debug|Any CPU
		{0ADFA1DA-4F30-4384-BB5D-5E96BE0C3643}.Debug|Any CPU.Build.0 = Debug|Any CPU
		{0ADFA1DA-4F30-4384-BB5D-5E96BE0C3643}.Debug|Mixed Platforms.ActiveCfg = Debug|Any CPU
		{0ADFA1DA-4F30-4384-BB5D-5E96BE0C3643}.Debug|Mixed Platforms.Build.0 = Debug|Any CPU
		{0ADFA1DA-4F30-4384-BB5D-5E96BE0C3643}.Debug|x64.ActiveCfg = Debug|Any CPU
		{0ADFA1DA-4F30-4384-BB5D-5E96BE0C3643}.Debug|x86.ActiveCfg = Debug|Any CPU
		{0ADFA1DA-4F30-4384-BB5D-5E96BE0C3643}.Release|Any CPU.ActiveCfg = Release|Any CPU
		{0ADFA1DA-4F30-4384-BB5D-5E96BE0C3643}.Release|Any CPU.Build.0 = Release|Any CPU
		{0ADFA1DA-4F30-4384-BB5D-5E96BE0C3643}.Release|Mixed Platforms.ActiveCfg = Release|Any CPU
		{0ADFA1DA-4F30-4384-BB5D-5E96BE0C3643}.Release|Mixed Platforms.Build.0 = Release|Any CPU
		{0ADFA1DA-4F30-4384-BB5D-5E96BE0C3643}.Release|x64.ActiveCfg = Release|Any CPU
		{0ADFA1DA-4F30-4384-BB5D-5E96BE0C3643}.Release|x86.ActiveCfg = Release|Any CPU
	EndGlobalSection
	GlobalSection(SolutionProperties) = preSolution
		HideSolutionNode = FALSE
	EndGlobalSection
	GlobalSection(NestedProjects) = preSolution
		{B3DB4A37-C083-4EB8-AB87-743FF0F94BB0} = {817547D0-2B58-4997-B21E-38E46A1DFB9B}
		{78F7F066-BBDB-450E-B668-E02185A8CA95} = {817547D0-2B58-4997-B21E-38E46A1DFB9B}
		{0E7251DA-ED0E-4BE8-8BA4-04F1B0FAB793} = {817547D0-2B58-4997-B21E-38E46A1DFB9B}
		{FFE9909A-B8F2-4642-BD57-97BABC117D0F} = {817547D0-2B58-4997-B21E-38E46A1DFB9B}
		{BC3D3C08-07E2-44A1-8C13-FF10739B547F} = {9C13D599-E49C-4E27-9C5A-B8CD469A0D6E}
		{E3C03587-B18B-40C0-B9E4-DD01ED0AC6BE} = {9C13D599-E49C-4E27-9C5A-B8CD469A0D6E}
		{46A228A0-7F88-4C1A-BFE6-324EDE6E02EE} = {9C13D599-E49C-4E27-9C5A-B8CD469A0D6E}
		{F7C352DE-00C3-4A20-A4AD-91738328974E} = {9C13D599-E49C-4E27-9C5A-B8CD469A0D6E}
		{4862896A-0C44-4DA5-9775-70AEC0328F22} = {9C13D599-E49C-4E27-9C5A-B8CD469A0D6E}
		{1D03C92E-E48A-46E7-B5A9-14CBDEDF66E1} = {9C13D599-E49C-4E27-9C5A-B8CD469A0D6E}
		{B3C40815-D17F-403A-95BD-51F2B8C1D7DF} = {8A61888C-EF97-4D8F-BE3F-7B591DE83E9B}
		{6CCBA0B1-1C62-4D67-AB22-6D136938C5F4} = {8A61888C-EF97-4D8F-BE3F-7B591DE83E9B}
		{CEB48563-CDEC-4658-A04A-5D1F1D96A819} = {8A61888C-EF97-4D8F-BE3F-7B591DE83E9B}
		{6D83664D-8DAB-4BB0-9954-60A836C5B2A6} = {8A61888C-EF97-4D8F-BE3F-7B591DE83E9B}
		{A6B0C1E3-E487-4E91-934D-4ED3DE2AA965} = {3B27E7EF-F4A9-40B3-8E4D-3271DEB71A27}
		{ECE025BF-B5AB-4BDC-837D-B76EBF648942} = {3B27E7EF-F4A9-40B3-8E4D-3271DEB71A27}
		{49E75F1A-29E2-44F6-87A8-82582B8083AE} = {3B27E7EF-F4A9-40B3-8E4D-3271DEB71A27}
		{25F1F8F4-8691-41F3-BEA5-739B8D5B1CCD} = {2CDF0AB4-ACD5-4485-A833-3165AB558F63}
		{499D29DA-D70B-4E9F-A8DF-7100C8CD70C8} = {2CDF0AB4-ACD5-4485-A833-3165AB558F63}
		{0784F872-96AF-4E6E-AB03-6513831D6218} = {2CDF0AB4-ACD5-4485-A833-3165AB558F63}
	EndGlobalSection
	GlobalSection(NDepend) = preSolution
		Project = ".\CloudyBank.ndproj"
	EndGlobalSection
EndGlobal
